
Microsoft Visual Studio Solution File, Format Version 12.00
# Visual Studio 15
VisualStudioVersion = 15.0.26906.1
MinimumVisualStudioVersion = 10.0.40219.1
Project("{9A19103F-16F7-4668-BE54-9A1E7A4F7556}") = "WebApplication1", "WebApplication1\WebApplication1.csproj", "{8C8FED44-F7EB-40A0-BABD-C1A12834552F}"
EndProject
Project("{FAE04EC0-301F-11D3-BF4B-00C04F79EFBC}") = "GdsSample.Dal", "GdsSample.Dal\GdsSample.Dal.csproj", "{777263CA-0714-4991-8885-9249F9F48510}"
EndProject
Project("{FAE04EC0-301F-11D3-BF4B-00C04F79EFBC}") = "GdsSample.Universal", "GdsSample.Universal\GdsSample.Universal.csproj", "{188570CB-01E7-4D6A-9850-BD98192AB0B5}"
EndProject
Global
	GlobalSection(SolutionConfigurationPlatforms) = preSolution
		Debug|Any CPU = Debug|Any CPU
		Debug|ARM = Debug|ARM
		Debug|x64 = Debug|x64
		Debug|x86 = Debug|x86
		Release|Any CPU = Release|Any CPU
		Release|ARM = Release|ARM
		Release|x64 = Release|x64
		Release|x86 = Release|x86
	EndGlobalSection
	GlobalSection(ProjectConfigurationPlatforms) = postSolution
		{8C8FED44-F7EB-40A0-BABD-C1A12834552F}.Debug|Any CPU.ActiveCfg = Debug|Any CPU
		{8C8FED44-F7EB-40A0-BABD-C1A12834552F}.Debug|Any CPU.Build.0 = Debug|Any CPU
		{8C8FED44-F7EB-40A0-BABD-C1A12834552F}.Debug|ARM.ActiveCfg = Debug|Any CPU
		{8C8FED44-F7EB-40A0-BABD-C1A12834552F}.Debug|ARM.Build.0 = Debug|Any CPU
		{8C8FED44-F7EB-40A0-BABD-C1A12834552F}.Debug|x64.ActiveCfg = Debug|Any CPU
		{8C8FED44-F7EB-40A0-BABD-C1A12834552F}.Debug|x64.Build.0 = Debug|Any CPU
		{8C8FED44-F7EB-40A0-BABD-C1A12834552F}.Debug|x86.ActiveCfg = Debug|Any CPU
		{8C8FED44-F7EB-40A0-BABD-C1A12834552F}.Debug|x86.Build.0 = Debug|Any CPU
		{8C8FED44-F7EB-40A0-BABD-C1A12834552F}.Release|Any CPU.ActiveCfg = Release|Any CPU
		{8C8FED44-F7EB-40A0-BABD-C1A12834552F}.Release|Any CPU.Build.0 = Release|Any CPU
		{8C8FED44-F7EB-40A0-BABD-C1A12834552F}.Release|ARM.ActiveCfg = Release|Any CPU
		{8C8FED44-F7EB-40A0-BABD-C1A12834552F}.Release|ARM.Build.0 = Release|Any CPU
		{8C8FED44-F7EB-40A0-BABD-C1A12834552F}.Release|x64.ActiveCfg = Release|Any CPU
		{8C8FED44-F7EB-40A0-BABD-C1A12834552F}.Release|x64.Build.0 = Release|Any CPU
		{8C8FED44-F7EB-40A0-BABD-C1A12834552F}.Release|x86.ActiveCfg = Release|Any CPU
		{8C8FED44-F7EB-40A0-BABD-C1A12834552F}.Release|x86.Build.0 = Release|Any CPU
		{777263CA-0714-4991-8885-9249F9F48510}.Debug|Any CPU.ActiveCfg = Debug|Any CPU
		{777263CA-0714-4991-8885-9249F9F48510}.Debug|Any CPU.Build.0 = Debug|Any CPU
		{777263CA-0714-4991-8885-9249F9F48510}.Debug|ARM.ActiveCfg = Debug|Any CPU
		{777263CA-0714-4991-8885-9249F9F48510}.Debug|ARM.Build.0 = Debug|Any CPU
		{777263CA-0714-4991-8885-9249F9F48510}.Debug|x64.ActiveCfg = Debug|Any CPU
		{777263CA-0714-4991-8885-9249F9F48510}.Debug|x64.Build.0 = Debug|Any CPU
		{777263CA-0714-4991-8885-9249F9F48510}.Debug|x86.ActiveCfg = Debug|Any CPU
		{777263CA-0714-4991-8885-9249F9F48510}.Debug|x86.Build.0 = Debug|Any CPU
		{777263CA-0714-4991-8885-9249F9F48510}.Release|Any CPU.ActiveCfg = Release|Any CPU
		{777263CA-0714-4991-8885-9249F9F48510}.Release|Any CPU.Build.0 = Release|Any CPU
		{777263CA-0714-4991-8885-9249F9F48510}.Release|ARM.ActiveCfg = Release|Any CPU
		{777263CA-0714-4991-8885-9249F9F48510}.Release|ARM.Build.0 = Release|Any CPU
		{777263CA-0714-4991-8885-9249F9F48510}.Release|x64.ActiveCfg = Release|Any CPU
		{777263CA-0714-4991-8885-9249F9F48510}.Release|x64.Build.0 = Release|Any CPU
		{777263CA-0714-4991-8885-9249F9F48510}.Release|x86.ActiveCfg = Release|Any CPU
		{777263CA-0714-4991-8885-9249F9F48510}.Release|x86.Build.0 = Release|Any CPU
		{188570CB-01E7-4D6A-9850-BD98192AB0B5}.Debug|Any CPU.ActiveCfg = Debug|x86
		{188570CB-01E7-4D6A-9850-BD98192AB0B5}.Debug|ARM.ActiveCfg = Debug|ARM
		{188570CB-01E7-4D6A-9850-BD98192AB0B5}.Debug|ARM.Build.0 = Debug|ARM
		{188570CB-01E7-4D6A-9850-BD98192AB0B5}.Debug|ARM.Deploy.0 = Debug|ARM
		{188570CB-01E7-4D6A-9850-BD98192AB0B5}.Debug|x64.ActiveCfg = Debug|x64
		{188570CB-01E7-4D6A-9850-BD98192AB0B5}.Debug|x64.Build.0 = Debug|x64
		{188570CB-01E7-4D6A-9850-BD98192AB0B5}.Debug|x64.Deploy.0 = Debug|x64
		{188570CB-01E7-4D6A-9850-BD98192AB0B5}.Debug|x86.ActiveCfg = Debug|x86
		{188570CB-01E7-4D6A-9850-BD98192AB0B5}.Debug|x86.Build.0 = Debug|x86
		{188570CB-01E7-4D6A-9850-BD98192AB0B5}.Debug|x86.Deploy.0 = Debug|x86
		{188570CB-01E7-4D6A-9850-BD98192AB0B5}.Release|Any CPU.ActiveCfg = Release|x86
		{188570CB-01E7-4D6A-9850-BD98192AB0B5}.Release|ARM.ActiveCfg = Release|ARM
		{188570CB-01E7-4D6A-9850-BD98192AB0B5}.Release|ARM.Build.0 = Release|ARM
		{188570CB-01E7-4D6A-9850-BD98192AB0B5}.Release|ARM.Deploy.0 = Release|ARM
		{188570CB-01E7-4D6A-9850-BD98192AB0B5}.Release|x64.ActiveCfg = Release|x64
		{188570CB-01E7-4D6A-9850-BD98192AB0B5}.Release|x64.Build.0 = Release|x64
		{188570CB-01E7-4D6A-9850-BD98192AB0B5}.Release|x64.Deploy.0 = Release|x64
		{188570CB-01E7-4D6A-9850-BD98192AB0B5}.Release|x86.ActiveCfg = Release|x86
		{188570CB-01E7-4D6A-9850-BD98192AB0B5}.Release|x86.Build.0 = Release|x86
		{188570CB-01E7-4D6A-9850-BD98192AB0B5}.Release|x86.Deploy.0 = Release|x86
	EndGlobalSection
	GlobalSection(SolutionProperties) = preSolution
		HideSolutionNode = FALSE
	EndGlobalSection
	GlobalSection(ExtensibilityGlobals) = postSolution
		SolutionGuid = {E8440857-5D4A-4A9B-A2EA-B5471A5C03C2}
	EndGlobalSection
EndGlobal
