
Microsoft Visual Studio Solution File, Format Version 12.00
# Visual Studio 15
VisualStudioVersion = 15.0.26906.1
MinimumVisualStudioVersion = 10.0.40219.1
Project("{9A19103F-16F7-4668-BE54-9A1E7A4F7556}") = "WebApplication1", "WebApplication1\WebApplication1.csproj", "{8C8FED44-F7EB-40A0-BABD-C1A12834552F}"
EndProject
Project("{FAE04EC0-301F-11D3-BF4B-00C04F79EFBC}") = "GdsSample.Dal", "GdsSample.Dal\GdsSample.Dal.csproj", "{777263CA-0714-4991-8885-9249F9F48510}"
EndProject
Project("{FAE04EC0-301F-11D3-BF4B-00C04F79EFBC}") = "GdsSample.Mobile.Universal", "GdsSample.Mobile.Universal\GdsSample.Mobile.Universal.csproj", "{D9AA1E90-DA12-4959-B428-EAE20F64EAB0}"
EndProject
Project("{FAE04EC0-301F-11D3-BF4B-00C04F79EFBC}") = "GdsSample.Mobile.Droid", "GdsSample.Mobile.Droid\GdsSample.Mobile.Droid.csproj", "{CFD6C508-049F-4405-BC8C-0101AE760921}"
EndProject
Project("{FAE04EC0-301F-11D3-BF4B-00C04F79EFBC}") = "GdsSample.Mobile.Touch", "GdsSample.Mobile.Touch\GdsSample.Mobile.Touch.csproj", "{E27713E7-8AB4-469D-8CD3-3F26062C41ED}"
EndProject
Project("{FAE04EC0-301F-11D3-BF4B-00C04F79EFBC}") = "GdsSample.Mobile.Core", "GdsSample.Mobile.Core\GdsSample.Mobile.Core.csproj", "{675BCA8A-9683-4961-8A54-5ACE053DC42A}"
EndProject
Global
	GlobalSection(SolutionConfigurationPlatforms) = preSolution
		Ad-Hoc|Any CPU = Ad-Hoc|Any CPU
		Ad-Hoc|ARM = Ad-Hoc|ARM
		Ad-Hoc|iPhone = Ad-Hoc|iPhone
		Ad-Hoc|iPhoneSimulator = Ad-Hoc|iPhoneSimulator
		Ad-Hoc|x64 = Ad-Hoc|x64
		Ad-Hoc|x86 = Ad-Hoc|x86
		AppStore|Any CPU = AppStore|Any CPU
		AppStore|ARM = AppStore|ARM
		AppStore|iPhone = AppStore|iPhone
		AppStore|iPhoneSimulator = AppStore|iPhoneSimulator
		AppStore|x64 = AppStore|x64
		AppStore|x86 = AppStore|x86
		Debug|Any CPU = Debug|Any CPU
		Debug|ARM = Debug|ARM
		Debug|iPhone = Debug|iPhone
		Debug|iPhoneSimulator = Debug|iPhoneSimulator
		Debug|x64 = Debug|x64
		Debug|x86 = Debug|x86
		Release|Any CPU = Release|Any CPU
		Release|ARM = Release|ARM
		Release|iPhone = Release|iPhone
		Release|iPhoneSimulator = Release|iPhoneSimulator
		Release|x64 = Release|x64
		Release|x86 = Release|x86
	EndGlobalSection
	GlobalSection(ProjectConfigurationPlatforms) = postSolution
		{8C8FED44-F7EB-40A0-BABD-C1A12834552F}.Ad-Hoc|Any CPU.ActiveCfg = Release|Any CPU
		{8C8FED44-F7EB-40A0-BABD-C1A12834552F}.Ad-Hoc|Any CPU.Build.0 = Release|Any CPU
		{8C8FED44-F7EB-40A0-BABD-C1A12834552F}.Ad-Hoc|ARM.ActiveCfg = Release|Any CPU
		{8C8FED44-F7EB-40A0-BABD-C1A12834552F}.Ad-Hoc|ARM.Build.0 = Release|Any CPU
		{8C8FED44-F7EB-40A0-BABD-C1A12834552F}.Ad-Hoc|iPhone.ActiveCfg = Release|Any CPU
		{8C8FED44-F7EB-40A0-BABD-C1A12834552F}.Ad-Hoc|iPhone.Build.0 = Release|Any CPU
		{8C8FED44-F7EB-40A0-BABD-C1A12834552F}.Ad-Hoc|iPhoneSimulator.ActiveCfg = Release|Any CPU
		{8C8FED44-F7EB-40A0-BABD-C1A12834552F}.Ad-Hoc|iPhoneSimulator.Build.0 = Release|Any CPU
		{8C8FED44-F7EB-40A0-BABD-C1A12834552F}.Ad-Hoc|x64.ActiveCfg = Release|Any CPU
		{8C8FED44-F7EB-40A0-BABD-C1A12834552F}.Ad-Hoc|x64.Build.0 = Release|Any CPU
		{8C8FED44-F7EB-40A0-BABD-C1A12834552F}.Ad-Hoc|x86.ActiveCfg = Release|Any CPU
		{8C8FED44-F7EB-40A0-BABD-C1A12834552F}.Ad-Hoc|x86.Build.0 = Release|Any CPU
		{8C8FED44-F7EB-40A0-BABD-C1A12834552F}.AppStore|Any CPU.ActiveCfg = Release|Any CPU
		{8C8FED44-F7EB-40A0-BABD-C1A12834552F}.AppStore|Any CPU.Build.0 = Release|Any CPU
		{8C8FED44-F7EB-40A0-BABD-C1A12834552F}.AppStore|ARM.ActiveCfg = Release|Any CPU
		{8C8FED44-F7EB-40A0-BABD-C1A12834552F}.AppStore|ARM.Build.0 = Release|Any CPU
		{8C8FED44-F7EB-40A0-BABD-C1A12834552F}.AppStore|iPhone.ActiveCfg = Release|Any CPU
		{8C8FED44-F7EB-40A0-BABD-C1A12834552F}.AppStore|iPhone.Build.0 = Release|Any CPU
		{8C8FED44-F7EB-40A0-BABD-C1A12834552F}.AppStore|iPhoneSimulator.ActiveCfg = Release|Any CPU
		{8C8FED44-F7EB-40A0-BABD-C1A12834552F}.AppStore|iPhoneSimulator.Build.0 = Release|Any CPU
		{8C8FED44-F7EB-40A0-BABD-C1A12834552F}.AppStore|x64.ActiveCfg = Release|Any CPU
		{8C8FED44-F7EB-40A0-BABD-C1A12834552F}.AppStore|x64.Build.0 = Release|Any CPU
		{8C8FED44-F7EB-40A0-BABD-C1A12834552F}.AppStore|x86.ActiveCfg = Release|Any CPU
		{8C8FED44-F7EB-40A0-BABD-C1A12834552F}.AppStore|x86.Build.0 = Release|Any CPU
		{8C8FED44-F7EB-40A0-BABD-C1A12834552F}.Debug|Any CPU.ActiveCfg = Debug|Any CPU
		{8C8FED44-F7EB-40A0-BABD-C1A12834552F}.Debug|Any CPU.Build.0 = Debug|Any CPU
		{8C8FED44-F7EB-40A0-BABD-C1A12834552F}.Debug|ARM.ActiveCfg = Debug|Any CPU
		{8C8FED44-F7EB-40A0-BABD-C1A12834552F}.Debug|ARM.Build.0 = Debug|Any CPU
		{8C8FED44-F7EB-40A0-BABD-C1A12834552F}.Debug|iPhone.ActiveCfg = Debug|Any CPU
		{8C8FED44-F7EB-40A0-BABD-C1A12834552F}.Debug|iPhone.Build.0 = Debug|Any CPU
		{8C8FED44-F7EB-40A0-BABD-C1A12834552F}.Debug|iPhoneSimulator.ActiveCfg = Debug|Any CPU
		{8C8FED44-F7EB-40A0-BABD-C1A12834552F}.Debug|iPhoneSimulator.Build.0 = Debug|Any CPU
		{8C8FED44-F7EB-40A0-BABD-C1A12834552F}.Debug|x64.ActiveCfg = Debug|Any CPU
		{8C8FED44-F7EB-40A0-BABD-C1A12834552F}.Debug|x64.Build.0 = Debug|Any CPU
		{8C8FED44-F7EB-40A0-BABD-C1A12834552F}.Debug|x86.ActiveCfg = Debug|Any CPU
		{8C8FED44-F7EB-40A0-BABD-C1A12834552F}.Debug|x86.Build.0 = Debug|Any CPU
		{8C8FED44-F7EB-40A0-BABD-C1A12834552F}.Release|Any CPU.ActiveCfg = Release|Any CPU
		{8C8FED44-F7EB-40A0-BABD-C1A12834552F}.Release|Any CPU.Build.0 = Release|Any CPU
		{8C8FED44-F7EB-40A0-BABD-C1A12834552F}.Release|ARM.ActiveCfg = Release|Any CPU
		{8C8FED44-F7EB-40A0-BABD-C1A12834552F}.Release|ARM.Build.0 = Release|Any CPU
		{8C8FED44-F7EB-40A0-BABD-C1A12834552F}.Release|iPhone.ActiveCfg = Release|Any CPU
		{8C8FED44-F7EB-40A0-BABD-C1A12834552F}.Release|iPhone.Build.0 = Release|Any CPU
		{8C8FED44-F7EB-40A0-BABD-C1A12834552F}.Release|iPhoneSimulator.ActiveCfg = Release|Any CPU
		{8C8FED44-F7EB-40A0-BABD-C1A12834552F}.Release|iPhoneSimulator.Build.0 = Release|Any CPU
		{8C8FED44-F7EB-40A0-BABD-C1A12834552F}.Release|x64.ActiveCfg = Release|Any CPU
		{8C8FED44-F7EB-40A0-BABD-C1A12834552F}.Release|x64.Build.0 = Release|Any CPU
		{8C8FED44-F7EB-40A0-BABD-C1A12834552F}.Release|x86.ActiveCfg = Release|Any CPU
		{8C8FED44-F7EB-40A0-BABD-C1A12834552F}.Release|x86.Build.0 = Release|Any CPU
		{777263CA-0714-4991-8885-9249F9F48510}.Ad-Hoc|Any CPU.ActiveCfg = Debug|Any CPU
		{777263CA-0714-4991-8885-9249F9F48510}.Ad-Hoc|Any CPU.Build.0 = Debug|Any CPU
		{777263CA-0714-4991-8885-9249F9F48510}.Ad-Hoc|ARM.ActiveCfg = Debug|Any CPU
		{777263CA-0714-4991-8885-9249F9F48510}.Ad-Hoc|ARM.Build.0 = Debug|Any CPU
		{777263CA-0714-4991-8885-9249F9F48510}.Ad-Hoc|iPhone.ActiveCfg = Debug|Any CPU
		{777263CA-0714-4991-8885-9249F9F48510}.Ad-Hoc|iPhone.Build.0 = Debug|Any CPU
		{777263CA-0714-4991-8885-9249F9F48510}.Ad-Hoc|iPhoneSimulator.ActiveCfg = Debug|Any CPU
		{777263CA-0714-4991-8885-9249F9F48510}.Ad-Hoc|iPhoneSimulator.Build.0 = Debug|Any CPU
		{777263CA-0714-4991-8885-9249F9F48510}.Ad-Hoc|x64.ActiveCfg = Debug|Any CPU
		{777263CA-0714-4991-8885-9249F9F48510}.Ad-Hoc|x64.Build.0 = Debug|Any CPU
		{777263CA-0714-4991-8885-9249F9F48510}.Ad-Hoc|x86.ActiveCfg = Debug|Any CPU
		{777263CA-0714-4991-8885-9249F9F48510}.Ad-Hoc|x86.Build.0 = Debug|Any CPU
		{777263CA-0714-4991-8885-9249F9F48510}.AppStore|Any CPU.ActiveCfg = Debug|Any CPU
		{777263CA-0714-4991-8885-9249F9F48510}.AppStore|Any CPU.Build.0 = Debug|Any CPU
		{777263CA-0714-4991-8885-9249F9F48510}.AppStore|ARM.ActiveCfg = Debug|Any CPU
		{777263CA-0714-4991-8885-9249F9F48510}.AppStore|ARM.Build.0 = Debug|Any CPU
		{777263CA-0714-4991-8885-9249F9F48510}.AppStore|iPhone.ActiveCfg = Debug|Any CPU
		{777263CA-0714-4991-8885-9249F9F48510}.AppStore|iPhone.Build.0 = Debug|Any CPU
		{777263CA-0714-4991-8885-9249F9F48510}.AppStore|iPhoneSimulator.ActiveCfg = Debug|Any CPU
		{777263CA-0714-4991-8885-9249F9F48510}.AppStore|iPhoneSimulator.Build.0 = Debug|Any CPU
		{777263CA-0714-4991-8885-9249F9F48510}.AppStore|x64.ActiveCfg = Debug|Any CPU
		{777263CA-0714-4991-8885-9249F9F48510}.AppStore|x64.Build.0 = Debug|Any CPU
		{777263CA-0714-4991-8885-9249F9F48510}.AppStore|x86.ActiveCfg = Debug|Any CPU
		{777263CA-0714-4991-8885-9249F9F48510}.AppStore|x86.Build.0 = Debug|Any CPU
		{777263CA-0714-4991-8885-9249F9F48510}.Debug|Any CPU.ActiveCfg = Debug|Any CPU
		{777263CA-0714-4991-8885-9249F9F48510}.Debug|Any CPU.Build.0 = Debug|Any CPU
		{777263CA-0714-4991-8885-9249F9F48510}.Debug|ARM.ActiveCfg = Debug|Any CPU
		{777263CA-0714-4991-8885-9249F9F48510}.Debug|ARM.Build.0 = Debug|Any CPU
		{777263CA-0714-4991-8885-9249F9F48510}.Debug|iPhone.ActiveCfg = Debug|Any CPU
		{777263CA-0714-4991-8885-9249F9F48510}.Debug|iPhone.Build.0 = Debug|Any CPU
		{777263CA-0714-4991-8885-9249F9F48510}.Debug|iPhoneSimulator.ActiveCfg = Debug|Any CPU
		{777263CA-0714-4991-8885-9249F9F48510}.Debug|iPhoneSimulator.Build.0 = Debug|Any CPU
		{777263CA-0714-4991-8885-9249F9F48510}.Debug|x64.ActiveCfg = Debug|Any CPU
		{777263CA-0714-4991-8885-9249F9F48510}.Debug|x64.Build.0 = Debug|Any CPU
		{777263CA-0714-4991-8885-9249F9F48510}.Debug|x86.ActiveCfg = Debug|Any CPU
		{777263CA-0714-4991-8885-9249F9F48510}.Debug|x86.Build.0 = Debug|Any CPU
		{777263CA-0714-4991-8885-9249F9F48510}.Release|Any CPU.ActiveCfg = Release|Any CPU
		{777263CA-0714-4991-8885-9249F9F48510}.Release|Any CPU.Build.0 = Release|Any CPU
		{777263CA-0714-4991-8885-9249F9F48510}.Release|ARM.ActiveCfg = Release|Any CPU
		{777263CA-0714-4991-8885-9249F9F48510}.Release|ARM.Build.0 = Release|Any CPU
		{777263CA-0714-4991-8885-9249F9F48510}.Release|iPhone.ActiveCfg = Release|Any CPU
		{777263CA-0714-4991-8885-9249F9F48510}.Release|iPhone.Build.0 = Release|Any CPU
		{777263CA-0714-4991-8885-9249F9F48510}.Release|iPhoneSimulator.ActiveCfg = Release|Any CPU
		{777263CA-0714-4991-8885-9249F9F48510}.Release|iPhoneSimulator.Build.0 = Release|Any CPU
		{777263CA-0714-4991-8885-9249F9F48510}.Release|x64.ActiveCfg = Release|Any CPU
		{777263CA-0714-4991-8885-9249F9F48510}.Release|x64.Build.0 = Release|Any CPU
		{777263CA-0714-4991-8885-9249F9F48510}.Release|x86.ActiveCfg = Release|Any CPU
		{777263CA-0714-4991-8885-9249F9F48510}.Release|x86.Build.0 = Release|Any CPU
		{D9AA1E90-DA12-4959-B428-EAE20F64EAB0}.Ad-Hoc|Any CPU.ActiveCfg = Release|x64
		{D9AA1E90-DA12-4959-B428-EAE20F64EAB0}.Ad-Hoc|Any CPU.Build.0 = Release|x64
		{D9AA1E90-DA12-4959-B428-EAE20F64EAB0}.Ad-Hoc|Any CPU.Deploy.0 = Release|x64
		{D9AA1E90-DA12-4959-B428-EAE20F64EAB0}.Ad-Hoc|ARM.ActiveCfg = Release|ARM
		{D9AA1E90-DA12-4959-B428-EAE20F64EAB0}.Ad-Hoc|ARM.Build.0 = Release|ARM
		{D9AA1E90-DA12-4959-B428-EAE20F64EAB0}.Ad-Hoc|ARM.Deploy.0 = Release|ARM
		{D9AA1E90-DA12-4959-B428-EAE20F64EAB0}.Ad-Hoc|iPhone.ActiveCfg = Release|x64
		{D9AA1E90-DA12-4959-B428-EAE20F64EAB0}.Ad-Hoc|iPhone.Build.0 = Release|x64
		{D9AA1E90-DA12-4959-B428-EAE20F64EAB0}.Ad-Hoc|iPhone.Deploy.0 = Release|x64
		{D9AA1E90-DA12-4959-B428-EAE20F64EAB0}.Ad-Hoc|iPhoneSimulator.ActiveCfg = Release|x64
		{D9AA1E90-DA12-4959-B428-EAE20F64EAB0}.Ad-Hoc|iPhoneSimulator.Build.0 = Release|x64
		{D9AA1E90-DA12-4959-B428-EAE20F64EAB0}.Ad-Hoc|iPhoneSimulator.Deploy.0 = Release|x64
		{D9AA1E90-DA12-4959-B428-EAE20F64EAB0}.Ad-Hoc|x64.ActiveCfg = Release|x64
		{D9AA1E90-DA12-4959-B428-EAE20F64EAB0}.Ad-Hoc|x64.Build.0 = Release|x64
		{D9AA1E90-DA12-4959-B428-EAE20F64EAB0}.Ad-Hoc|x64.Deploy.0 = Release|x64
		{D9AA1E90-DA12-4959-B428-EAE20F64EAB0}.Ad-Hoc|x86.ActiveCfg = Release|x86
		{D9AA1E90-DA12-4959-B428-EAE20F64EAB0}.Ad-Hoc|x86.Build.0 = Release|x86
		{D9AA1E90-DA12-4959-B428-EAE20F64EAB0}.Ad-Hoc|x86.Deploy.0 = Release|x86
		{D9AA1E90-DA12-4959-B428-EAE20F64EAB0}.AppStore|Any CPU.ActiveCfg = Release|x64
		{D9AA1E90-DA12-4959-B428-EAE20F64EAB0}.AppStore|Any CPU.Build.0 = Release|x64
		{D9AA1E90-DA12-4959-B428-EAE20F64EAB0}.AppStore|Any CPU.Deploy.0 = Release|x64
		{D9AA1E90-DA12-4959-B428-EAE20F64EAB0}.AppStore|ARM.ActiveCfg = Release|ARM
		{D9AA1E90-DA12-4959-B428-EAE20F64EAB0}.AppStore|ARM.Build.0 = Release|ARM
		{D9AA1E90-DA12-4959-B428-EAE20F64EAB0}.AppStore|ARM.Deploy.0 = Release|ARM
		{D9AA1E90-DA12-4959-B428-EAE20F64EAB0}.AppStore|iPhone.ActiveCfg = Release|x64
		{D9AA1E90-DA12-4959-B428-EAE20F64EAB0}.AppStore|iPhone.Build.0 = Release|x64
		{D9AA1E90-DA12-4959-B428-EAE20F64EAB0}.AppStore|iPhone.Deploy.0 = Release|x64
		{D9AA1E90-DA12-4959-B428-EAE20F64EAB0}.AppStore|iPhoneSimulator.ActiveCfg = Release|x64
		{D9AA1E90-DA12-4959-B428-EAE20F64EAB0}.AppStore|iPhoneSimulator.Build.0 = Release|x64
		{D9AA1E90-DA12-4959-B428-EAE20F64EAB0}.AppStore|iPhoneSimulator.Deploy.0 = Release|x64
		{D9AA1E90-DA12-4959-B428-EAE20F64EAB0}.AppStore|x64.ActiveCfg = Release|x64
		{D9AA1E90-DA12-4959-B428-EAE20F64EAB0}.AppStore|x64.Build.0 = Release|x64
		{D9AA1E90-DA12-4959-B428-EAE20F64EAB0}.AppStore|x64.Deploy.0 = Release|x64
		{D9AA1E90-DA12-4959-B428-EAE20F64EAB0}.AppStore|x86.ActiveCfg = Release|x86
		{D9AA1E90-DA12-4959-B428-EAE20F64EAB0}.AppStore|x86.Build.0 = Release|x86
		{D9AA1E90-DA12-4959-B428-EAE20F64EAB0}.AppStore|x86.Deploy.0 = Release|x86
		{D9AA1E90-DA12-4959-B428-EAE20F64EAB0}.Debug|Any CPU.ActiveCfg = Debug|x86
		{D9AA1E90-DA12-4959-B428-EAE20F64EAB0}.Debug|ARM.ActiveCfg = Debug|ARM
		{D9AA1E90-DA12-4959-B428-EAE20F64EAB0}.Debug|ARM.Build.0 = Debug|ARM
		{D9AA1E90-DA12-4959-B428-EAE20F64EAB0}.Debug|ARM.Deploy.0 = Debug|ARM
		{D9AA1E90-DA12-4959-B428-EAE20F64EAB0}.Debug|iPhone.ActiveCfg = Debug|x86
		{D9AA1E90-DA12-4959-B428-EAE20F64EAB0}.Debug|iPhoneSimulator.ActiveCfg = Debug|x86
		{D9AA1E90-DA12-4959-B428-EAE20F64EAB0}.Debug|x64.ActiveCfg = Debug|x64
		{D9AA1E90-DA12-4959-B428-EAE20F64EAB0}.Debug|x64.Build.0 = Debug|x64
		{D9AA1E90-DA12-4959-B428-EAE20F64EAB0}.Debug|x64.Deploy.0 = Debug|x64
		{D9AA1E90-DA12-4959-B428-EAE20F64EAB0}.Debug|x86.ActiveCfg = Debug|x86
		{D9AA1E90-DA12-4959-B428-EAE20F64EAB0}.Debug|x86.Build.0 = Debug|x86
		{D9AA1E90-DA12-4959-B428-EAE20F64EAB0}.Debug|x86.Deploy.0 = Debug|x86
		{D9AA1E90-DA12-4959-B428-EAE20F64EAB0}.Release|Any CPU.ActiveCfg = Release|x86
		{D9AA1E90-DA12-4959-B428-EAE20F64EAB0}.Release|ARM.ActiveCfg = Release|ARM
		{D9AA1E90-DA12-4959-B428-EAE20F64EAB0}.Release|ARM.Build.0 = Release|ARM
		{D9AA1E90-DA12-4959-B428-EAE20F64EAB0}.Release|ARM.Deploy.0 = Release|ARM
		{D9AA1E90-DA12-4959-B428-EAE20F64EAB0}.Release|iPhone.ActiveCfg = Release|x86
		{D9AA1E90-DA12-4959-B428-EAE20F64EAB0}.Release|iPhoneSimulator.ActiveCfg = Release|x86
		{D9AA1E90-DA12-4959-B428-EAE20F64EAB0}.Release|x64.ActiveCfg = Release|x64
		{D9AA1E90-DA12-4959-B428-EAE20F64EAB0}.Release|x64.Build.0 = Release|x64
		{D9AA1E90-DA12-4959-B428-EAE20F64EAB0}.Release|x64.Deploy.0 = Release|x64
		{D9AA1E90-DA12-4959-B428-EAE20F64EAB0}.Release|x86.ActiveCfg = Release|x86
		{D9AA1E90-DA12-4959-B428-EAE20F64EAB0}.Release|x86.Build.0 = Release|x86
		{D9AA1E90-DA12-4959-B428-EAE20F64EAB0}.Release|x86.Deploy.0 = Release|x86
		{CFD6C508-049F-4405-BC8C-0101AE760921}.Ad-Hoc|Any CPU.ActiveCfg = Release|Any CPU
		{CFD6C508-049F-4405-BC8C-0101AE760921}.Ad-Hoc|Any CPU.Build.0 = Release|Any CPU
		{CFD6C508-049F-4405-BC8C-0101AE760921}.Ad-Hoc|Any CPU.Deploy.0 = Release|Any CPU
		{CFD6C508-049F-4405-BC8C-0101AE760921}.Ad-Hoc|ARM.ActiveCfg = Release|Any CPU
		{CFD6C508-049F-4405-BC8C-0101AE760921}.Ad-Hoc|ARM.Build.0 = Release|Any CPU
		{CFD6C508-049F-4405-BC8C-0101AE760921}.Ad-Hoc|ARM.Deploy.0 = Release|Any CPU
		{CFD6C508-049F-4405-BC8C-0101AE760921}.Ad-Hoc|iPhone.ActiveCfg = Release|Any CPU
		{CFD6C508-049F-4405-BC8C-0101AE760921}.Ad-Hoc|iPhone.Build.0 = Release|Any CPU
		{CFD6C508-049F-4405-BC8C-0101AE760921}.Ad-Hoc|iPhone.Deploy.0 = Release|Any CPU
		{CFD6C508-049F-4405-BC8C-0101AE760921}.Ad-Hoc|iPhoneSimulator.ActiveCfg = Release|Any CPU
		{CFD6C508-049F-4405-BC8C-0101AE760921}.Ad-Hoc|iPhoneSimulator.Build.0 = Release|Any CPU
		{CFD6C508-049F-4405-BC8C-0101AE760921}.Ad-Hoc|iPhoneSimulator.Deploy.0 = Release|Any CPU
		{CFD6C508-049F-4405-BC8C-0101AE760921}.Ad-Hoc|x64.ActiveCfg = Release|Any CPU
		{CFD6C508-049F-4405-BC8C-0101AE760921}.Ad-Hoc|x64.Build.0 = Release|Any CPU
		{CFD6C508-049F-4405-BC8C-0101AE760921}.Ad-Hoc|x64.Deploy.0 = Release|Any CPU
		{CFD6C508-049F-4405-BC8C-0101AE760921}.Ad-Hoc|x86.ActiveCfg = Release|Any CPU
		{CFD6C508-049F-4405-BC8C-0101AE760921}.Ad-Hoc|x86.Build.0 = Release|Any CPU
		{CFD6C508-049F-4405-BC8C-0101AE760921}.Ad-Hoc|x86.Deploy.0 = Release|Any CPU
		{CFD6C508-049F-4405-BC8C-0101AE760921}.AppStore|Any CPU.ActiveCfg = Release|Any CPU
		{CFD6C508-049F-4405-BC8C-0101AE760921}.AppStore|Any CPU.Build.0 = Release|Any CPU
		{CFD6C508-049F-4405-BC8C-0101AE760921}.AppStore|Any CPU.Deploy.0 = Release|Any CPU
		{CFD6C508-049F-4405-BC8C-0101AE760921}.AppStore|ARM.ActiveCfg = Release|Any CPU
		{CFD6C508-049F-4405-BC8C-0101AE760921}.AppStore|ARM.Build.0 = Release|Any CPU
		{CFD6C508-049F-4405-BC8C-0101AE760921}.AppStore|ARM.Deploy.0 = Release|Any CPU
		{CFD6C508-049F-4405-BC8C-0101AE760921}.AppStore|iPhone.ActiveCfg = Release|Any CPU
		{CFD6C508-049F-4405-BC8C-0101AE760921}.AppStore|iPhone.Build.0 = Release|Any CPU
		{CFD6C508-049F-4405-BC8C-0101AE760921}.AppStore|iPhone.Deploy.0 = Release|Any CPU
		{CFD6C508-049F-4405-BC8C-0101AE760921}.AppStore|iPhoneSimulator.ActiveCfg = Release|Any CPU
		{CFD6C508-049F-4405-BC8C-0101AE760921}.AppStore|iPhoneSimulator.Build.0 = Release|Any CPU
		{CFD6C508-049F-4405-BC8C-0101AE760921}.AppStore|iPhoneSimulator.Deploy.0 = Release|Any CPU
		{CFD6C508-049F-4405-BC8C-0101AE760921}.AppStore|x64.ActiveCfg = Release|Any CPU
		{CFD6C508-049F-4405-BC8C-0101AE760921}.AppStore|x64.Build.0 = Release|Any CPU
		{CFD6C508-049F-4405-BC8C-0101AE760921}.AppStore|x64.Deploy.0 = Release|Any CPU
		{CFD6C508-049F-4405-BC8C-0101AE760921}.AppStore|x86.ActiveCfg = Release|Any CPU
		{CFD6C508-049F-4405-BC8C-0101AE760921}.AppStore|x86.Build.0 = Release|Any CPU
		{CFD6C508-049F-4405-BC8C-0101AE760921}.AppStore|x86.Deploy.0 = Release|Any CPU
		{CFD6C508-049F-4405-BC8C-0101AE760921}.Debug|Any CPU.ActiveCfg = Debug|Any CPU
		{CFD6C508-049F-4405-BC8C-0101AE760921}.Debug|Any CPU.Build.0 = Debug|Any CPU
		{CFD6C508-049F-4405-BC8C-0101AE760921}.Debug|Any CPU.Deploy.0 = Debug|Any CPU
		{CFD6C508-049F-4405-BC8C-0101AE760921}.Debug|ARM.ActiveCfg = Debug|Any CPU
		{CFD6C508-049F-4405-BC8C-0101AE760921}.Debug|ARM.Build.0 = Debug|Any CPU
		{CFD6C508-049F-4405-BC8C-0101AE760921}.Debug|ARM.Deploy.0 = Debug|Any CPU
		{CFD6C508-049F-4405-BC8C-0101AE760921}.Debug|iPhone.ActiveCfg = Debug|Any CPU
		{CFD6C508-049F-4405-BC8C-0101AE760921}.Debug|iPhone.Build.0 = Debug|Any CPU
		{CFD6C508-049F-4405-BC8C-0101AE760921}.Debug|iPhone.Deploy.0 = Debug|Any CPU
		{CFD6C508-049F-4405-BC8C-0101AE760921}.Debug|iPhoneSimulator.ActiveCfg = Debug|Any CPU
		{CFD6C508-049F-4405-BC8C-0101AE760921}.Debug|iPhoneSimulator.Build.0 = Debug|Any CPU
		{CFD6C508-049F-4405-BC8C-0101AE760921}.Debug|iPhoneSimulator.Deploy.0 = Debug|Any CPU
		{CFD6C508-049F-4405-BC8C-0101AE760921}.Debug|x64.ActiveCfg = Debug|Any CPU
		{CFD6C508-049F-4405-BC8C-0101AE760921}.Debug|x64.Build.0 = Debug|Any CPU
		{CFD6C508-049F-4405-BC8C-0101AE760921}.Debug|x64.Deploy.0 = Debug|Any CPU
		{CFD6C508-049F-4405-BC8C-0101AE760921}.Debug|x86.ActiveCfg = Debug|Any CPU
		{CFD6C508-049F-4405-BC8C-0101AE760921}.Debug|x86.Build.0 = Debug|Any CPU
		{CFD6C508-049F-4405-BC8C-0101AE760921}.Debug|x86.Deploy.0 = Debug|Any CPU
		{CFD6C508-049F-4405-BC8C-0101AE760921}.Release|Any CPU.ActiveCfg = Release|Any CPU
		{CFD6C508-049F-4405-BC8C-0101AE760921}.Release|Any CPU.Build.0 = Release|Any CPU
		{CFD6C508-049F-4405-BC8C-0101AE760921}.Release|Any CPU.Deploy.0 = Release|Any CPU
		{CFD6C508-049F-4405-BC8C-0101AE760921}.Release|ARM.ActiveCfg = Release|Any CPU
		{CFD6C508-049F-4405-BC8C-0101AE760921}.Release|ARM.Build.0 = Release|Any CPU
		{CFD6C508-049F-4405-BC8C-0101AE760921}.Release|ARM.Deploy.0 = Release|Any CPU
		{CFD6C508-049F-4405-BC8C-0101AE760921}.Release|iPhone.ActiveCfg = Release|Any CPU
		{CFD6C508-049F-4405-BC8C-0101AE760921}.Release|iPhone.Build.0 = Release|Any CPU
		{CFD6C508-049F-4405-BC8C-0101AE760921}.Release|iPhone.Deploy.0 = Release|Any CPU
		{CFD6C508-049F-4405-BC8C-0101AE760921}.Release|iPhoneSimulator.ActiveCfg = Release|Any CPU
		{CFD6C508-049F-4405-BC8C-0101AE760921}.Release|iPhoneSimulator.Build.0 = Release|Any CPU
		{CFD6C508-049F-4405-BC8C-0101AE760921}.Release|iPhoneSimulator.Deploy.0 = Release|Any CPU
		{CFD6C508-049F-4405-BC8C-0101AE760921}.Release|x64.ActiveCfg = Release|Any CPU
		{CFD6C508-049F-4405-BC8C-0101AE760921}.Release|x64.Build.0 = Release|Any CPU
		{CFD6C508-049F-4405-BC8C-0101AE760921}.Release|x64.Deploy.0 = Release|Any CPU
		{CFD6C508-049F-4405-BC8C-0101AE760921}.Release|x86.ActiveCfg = Release|Any CPU
		{CFD6C508-049F-4405-BC8C-0101AE760921}.Release|x86.Build.0 = Release|Any CPU
		{CFD6C508-049F-4405-BC8C-0101AE760921}.Release|x86.Deploy.0 = Release|Any CPU
		{E27713E7-8AB4-469D-8CD3-3F26062C41ED}.Ad-Hoc|Any CPU.ActiveCfg = Ad-Hoc|iPhone
		{E27713E7-8AB4-469D-8CD3-3F26062C41ED}.Ad-Hoc|ARM.ActiveCfg = Ad-Hoc|iPhone
		{E27713E7-8AB4-469D-8CD3-3F26062C41ED}.Ad-Hoc|iPhone.ActiveCfg = Ad-Hoc|iPhone
		{E27713E7-8AB4-469D-8CD3-3F26062C41ED}.Ad-Hoc|iPhone.Build.0 = Ad-Hoc|iPhone
		{E27713E7-8AB4-469D-8CD3-3F26062C41ED}.Ad-Hoc|iPhoneSimulator.ActiveCfg = Ad-Hoc|iPhoneSimulator
		{E27713E7-8AB4-469D-8CD3-3F26062C41ED}.Ad-Hoc|iPhoneSimulator.Build.0 = Ad-Hoc|iPhoneSimulator
		{E27713E7-8AB4-469D-8CD3-3F26062C41ED}.Ad-Hoc|x64.ActiveCfg = Ad-Hoc|iPhone
		{E27713E7-8AB4-469D-8CD3-3F26062C41ED}.Ad-Hoc|x86.ActiveCfg = Ad-Hoc|iPhone
		{E27713E7-8AB4-469D-8CD3-3F26062C41ED}.AppStore|Any CPU.ActiveCfg = AppStore|iPhone
		{E27713E7-8AB4-469D-8CD3-3F26062C41ED}.AppStore|ARM.ActiveCfg = AppStore|iPhone
		{E27713E7-8AB4-469D-8CD3-3F26062C41ED}.AppStore|iPhone.ActiveCfg = AppStore|iPhone
		{E27713E7-8AB4-469D-8CD3-3F26062C41ED}.AppStore|iPhone.Build.0 = AppStore|iPhone
		{E27713E7-8AB4-469D-8CD3-3F26062C41ED}.AppStore|iPhoneSimulator.ActiveCfg = AppStore|iPhoneSimulator
		{E27713E7-8AB4-469D-8CD3-3F26062C41ED}.AppStore|iPhoneSimulator.Build.0 = AppStore|iPhoneSimulator
		{E27713E7-8AB4-469D-8CD3-3F26062C41ED}.AppStore|x64.ActiveCfg = AppStore|iPhone
		{E27713E7-8AB4-469D-8CD3-3F26062C41ED}.AppStore|x86.ActiveCfg = AppStore|iPhone
		{E27713E7-8AB4-469D-8CD3-3F26062C41ED}.Debug|Any CPU.ActiveCfg = Debug|iPhone
		{E27713E7-8AB4-469D-8CD3-3F26062C41ED}.Debug|ARM.ActiveCfg = Debug|iPhone
		{E27713E7-8AB4-469D-8CD3-3F26062C41ED}.Debug|iPhone.ActiveCfg = Debug|iPhone
		{E27713E7-8AB4-469D-8CD3-3F26062C41ED}.Debug|iPhone.Build.0 = Debug|iPhone
		{E27713E7-8AB4-469D-8CD3-3F26062C41ED}.Debug|iPhoneSimulator.ActiveCfg = Debug|iPhoneSimulator
		{E27713E7-8AB4-469D-8CD3-3F26062C41ED}.Debug|iPhoneSimulator.Build.0 = Debug|iPhoneSimulator
		{E27713E7-8AB4-469D-8CD3-3F26062C41ED}.Debug|x64.ActiveCfg = Debug|iPhone
		{E27713E7-8AB4-469D-8CD3-3F26062C41ED}.Debug|x86.ActiveCfg = Debug|iPhone
		{E27713E7-8AB4-469D-8CD3-3F26062C41ED}.Release|Any CPU.ActiveCfg = Release|iPhone
		{E27713E7-8AB4-469D-8CD3-3F26062C41ED}.Release|ARM.ActiveCfg = Release|iPhone
		{E27713E7-8AB4-469D-8CD3-3F26062C41ED}.Release|iPhone.ActiveCfg = Release|iPhone
		{E27713E7-8AB4-469D-8CD3-3F26062C41ED}.Release|iPhone.Build.0 = Release|iPhone
		{E27713E7-8AB4-469D-8CD3-3F26062C41ED}.Release|iPhoneSimulator.ActiveCfg = Release|iPhoneSimulator
		{E27713E7-8AB4-469D-8CD3-3F26062C41ED}.Release|iPhoneSimulator.Build.0 = Release|iPhoneSimulator
		{E27713E7-8AB4-469D-8CD3-3F26062C41ED}.Release|x64.ActiveCfg = Release|iPhone
		{E27713E7-8AB4-469D-8CD3-3F26062C41ED}.Release|x86.ActiveCfg = Release|iPhone
		{675BCA8A-9683-4961-8A54-5ACE053DC42A}.Ad-Hoc|Any CPU.ActiveCfg = Release|Any CPU
		{675BCA8A-9683-4961-8A54-5ACE053DC42A}.Ad-Hoc|Any CPU.Build.0 = Release|Any CPU
		{675BCA8A-9683-4961-8A54-5ACE053DC42A}.Ad-Hoc|ARM.ActiveCfg = Release|Any CPU
		{675BCA8A-9683-4961-8A54-5ACE053DC42A}.Ad-Hoc|ARM.Build.0 = Release|Any CPU
		{675BCA8A-9683-4961-8A54-5ACE053DC42A}.Ad-Hoc|iPhone.ActiveCfg = Release|Any CPU
		{675BCA8A-9683-4961-8A54-5ACE053DC42A}.Ad-Hoc|iPhone.Build.0 = Release|Any CPU
		{675BCA8A-9683-4961-8A54-5ACE053DC42A}.Ad-Hoc|iPhoneSimulator.ActiveCfg = Release|Any CPU
		{675BCA8A-9683-4961-8A54-5ACE053DC42A}.Ad-Hoc|iPhoneSimulator.Build.0 = Release|Any CPU
		{675BCA8A-9683-4961-8A54-5ACE053DC42A}.Ad-Hoc|x64.ActiveCfg = Release|Any CPU
		{675BCA8A-9683-4961-8A54-5ACE053DC42A}.Ad-Hoc|x64.Build.0 = Release|Any CPU
		{675BCA8A-9683-4961-8A54-5ACE053DC42A}.Ad-Hoc|x86.ActiveCfg = Release|Any CPU
		{675BCA8A-9683-4961-8A54-5ACE053DC42A}.Ad-Hoc|x86.Build.0 = Release|Any CPU
		{675BCA8A-9683-4961-8A54-5ACE053DC42A}.AppStore|Any CPU.ActiveCfg = Release|Any CPU
		{675BCA8A-9683-4961-8A54-5ACE053DC42A}.AppStore|Any CPU.Build.0 = Release|Any CPU
		{675BCA8A-9683-4961-8A54-5ACE053DC42A}.AppStore|ARM.ActiveCfg = Release|Any CPU
		{675BCA8A-9683-4961-8A54-5ACE053DC42A}.AppStore|ARM.Build.0 = Release|Any CPU
		{675BCA8A-9683-4961-8A54-5ACE053DC42A}.AppStore|iPhone.ActiveCfg = Release|Any CPU
		{675BCA8A-9683-4961-8A54-5ACE053DC42A}.AppStore|iPhone.Build.0 = Release|Any CPU
		{675BCA8A-9683-4961-8A54-5ACE053DC42A}.AppStore|iPhoneSimulator.ActiveCfg = Release|Any CPU
		{675BCA8A-9683-4961-8A54-5ACE053DC42A}.AppStore|iPhoneSimulator.Build.0 = Release|Any CPU
		{675BCA8A-9683-4961-8A54-5ACE053DC42A}.AppStore|x64.ActiveCfg = Release|Any CPU
		{675BCA8A-9683-4961-8A54-5ACE053DC42A}.AppStore|x64.Build.0 = Release|Any CPU
		{675BCA8A-9683-4961-8A54-5ACE053DC42A}.AppStore|x86.ActiveCfg = Release|Any CPU
		{675BCA8A-9683-4961-8A54-5ACE053DC42A}.AppStore|x86.Build.0 = Release|Any CPU
		{675BCA8A-9683-4961-8A54-5ACE053DC42A}.Debug|Any CPU.ActiveCfg = Debug|Any CPU
		{675BCA8A-9683-4961-8A54-5ACE053DC42A}.Debug|Any CPU.Build.0 = Debug|Any CPU
		{675BCA8A-9683-4961-8A54-5ACE053DC42A}.Debug|ARM.ActiveCfg = Debug|Any CPU
		{675BCA8A-9683-4961-8A54-5ACE053DC42A}.Debug|ARM.Build.0 = Debug|Any CPU
		{675BCA8A-9683-4961-8A54-5ACE053DC42A}.Debug|iPhone.ActiveCfg = Debug|Any CPU
		{675BCA8A-9683-4961-8A54-5ACE053DC42A}.Debug|iPhone.Build.0 = Debug|Any CPU
		{675BCA8A-9683-4961-8A54-5ACE053DC42A}.Debug|iPhoneSimulator.ActiveCfg = Debug|Any CPU
		{675BCA8A-9683-4961-8A54-5ACE053DC42A}.Debug|iPhoneSimulator.Build.0 = Debug|Any CPU
		{675BCA8A-9683-4961-8A54-5ACE053DC42A}.Debug|x64.ActiveCfg = Debug|Any CPU
		{675BCA8A-9683-4961-8A54-5ACE053DC42A}.Debug|x64.Build.0 = Debug|Any CPU
		{675BCA8A-9683-4961-8A54-5ACE053DC42A}.Debug|x86.ActiveCfg = Debug|Any CPU
		{675BCA8A-9683-4961-8A54-5ACE053DC42A}.Debug|x86.Build.0 = Debug|Any CPU
		{675BCA8A-9683-4961-8A54-5ACE053DC42A}.Release|Any CPU.ActiveCfg = Release|Any CPU
		{675BCA8A-9683-4961-8A54-5ACE053DC42A}.Release|Any CPU.Build.0 = Release|Any CPU
		{675BCA8A-9683-4961-8A54-5ACE053DC42A}.Release|ARM.ActiveCfg = Release|Any CPU
		{675BCA8A-9683-4961-8A54-5ACE053DC42A}.Release|ARM.Build.0 = Release|Any CPU
		{675BCA8A-9683-4961-8A54-5ACE053DC42A}.Release|iPhone.ActiveCfg = Release|Any CPU
		{675BCA8A-9683-4961-8A54-5ACE053DC42A}.Release|iPhone.Build.0 = Release|Any CPU
		{675BCA8A-9683-4961-8A54-5ACE053DC42A}.Release|iPhoneSimulator.ActiveCfg = Release|Any CPU
		{675BCA8A-9683-4961-8A54-5ACE053DC42A}.Release|iPhoneSimulator.Build.0 = Release|Any CPU
		{675BCA8A-9683-4961-8A54-5ACE053DC42A}.Release|x64.ActiveCfg = Release|Any CPU
		{675BCA8A-9683-4961-8A54-5ACE053DC42A}.Release|x64.Build.0 = Release|Any CPU
		{675BCA8A-9683-4961-8A54-5ACE053DC42A}.Release|x86.ActiveCfg = Release|Any CPU
		{675BCA8A-9683-4961-8A54-5ACE053DC42A}.Release|x86.Build.0 = Release|Any CPU
	EndGlobalSection
	GlobalSection(SolutionProperties) = preSolution
		HideSolutionNode = FALSE
	EndGlobalSection
	GlobalSection(ExtensibilityGlobals) = postSolution
		SolutionGuid = {E8440857-5D4A-4A9B-A2EA-B5471A5C03C2}
	EndGlobalSection
EndGlobal
